
Microsoft Visual Studio Solution File, Format Version 12.00
# Visual Studio Version 17
VisualStudioVersion = 17.4.33213.308
MinimumVisualStudioVersion = 10.0.40219.1
Project("{FAE04EC0-301F-11D3-BF4B-00C04F79EFBC}") = "OOPAssignment3", "OOPAssignment3\OOPAssignment3.csproj", "{E0017276-CEC0-4C90-A28C-FCD1C02B3D69}"
EndProject
Global
	GlobalSection(SolutionConfigurationPlatforms) = preSolution
		Debug|Any CPU = Debug|Any CPU
		Release|Any CPU = Release|Any CPU
	EndGlobalSection
	GlobalSection(ProjectConfigurationPlatforms) = postSolution
		{E0017276-CEC0-4C90-A28C-FCD1C02B3D69}.Debug|Any CPU.ActiveCfg = Debug|Any CPU
		{E0017276-CEC0-4C90-A28C-FCD1C02B3D69}.Debug|Any CPU.Build.0 = Debug|Any CPU
		{E0017276-CEC0-4C90-A28C-FCD1C02B3D69}.Release|Any CPU.ActiveCfg = Release|Any CPU
		{E0017276-CEC0-4C90-A28C-FCD1C02B3D69}.Release|Any CPU.Build.0 = Release|Any CPU
	EndGlobalSection
	GlobalSection(SolutionProperties) = preSolution
		HideSolutionNode = FALSE
	EndGlobalSection
	GlobalSection(ExtensibilityGlobals) = postSolution
		SolutionGuid = {65B6EE0F-D829-4779-B89C-9D8AC8540A8D}
	EndGlobalSection
EndGlobal
